{
  "name": "ElenaApp",
  "lockfileVersion": 2,
  "requires": true,
  "packages": {
    "": {
      "dependencies": {
        "leaflet-control-geocoder": "^2.4.0",
        "use-debounce": "^9.0.2"
      }
    },
    "node_modules/js-tokens": {
      "version": "4.0.0",
      "license": "MIT",
      "peer": true
    },
    "node_modules/leaflet": {
      "version": "1.9.3",
      "license": "BSD-2-Clause",
      "peer": true
    },
    "node_modules/leaflet-control-geocoder": {
      "version": "2.4.0",
      "license": "BSD-2-Clause",
      "optionalDependencies": {
        "open-location-code": "^1.0.0"
      },
      "peerDependencies": {
        "leaflet": "^1.6.0"
      }
    },
    "node_modules/loose-envify": {
      "version": "1.4.0",
      "license": "MIT",
      "peer": true,
      "dependencies": {
        "js-tokens": "^3.0.0 || ^4.0.0"
      },
      "bin": {
        "loose-envify": "cli.js"
      }
    },
    "node_modules/open-location-code": {
      "version": "1.0.3",
      "license": "Apache-2.0",
      "optional": true
    },
    "node_modules/react": {
      "version": "18.2.0",
      "license": "MIT",
      "peer": true,
      "dependencies": {
        "loose-envify": "^1.1.0"
      },
      "engines": {
        "node": ">=0.10.0"
      }
    },
    "node_modules/use-debounce": {
      "version": "9.0.2",
      "license": "MIT",
      "engines": {
        "node": ">= 10.0.0"
      },
      "peerDependencies": {
        "react": ">=16.8.0"
      }
    }
  },
  "dependencies": {
    "js-tokens": {
      "version": "4.0.0",
      "peer": true
    },
    "leaflet": {
      "version": "1.9.3",
      "peer": true
    },
    "leaflet-control-geocoder": {
      "version": "2.4.0",
      "requires": {
        "open-location-code": "^1.0.0"
      }
    },
    "loose-envify": {
      "version": "1.4.0",
      "peer": true,
      "requires": {
        "js-tokens": "^3.0.0 || ^4.0.0"
      }
    },
    "open-location-code": {
      "version": "1.0.3",
      "optional": true
    },
    "react": {
      "version": "18.2.0",
      "peer": true,
      "requires": {
        "loose-envify": "^1.1.0"
      }
    },
    "use-debounce": {
      "version": "9.0.2",
      "requires": {}
    }
  }
}
